Microsoft Visual Studio Solution File, Format Version 11.00
# Visual Studio 2008

Project("{3E3A5528-14B7-0CE9-3F67-9969B98F360D}") = "Pirate's Booty", "Assembly-CSharp-vs.csproj", "{DCB58C68-8F9C-04BC-1140-BE419F74E932}"
EndProject
Global
	GlobalSection(SolutionConfigurationPlatforms) = preSolution
		Debug|Any CPU = Debug|Any CPU
		Release|Any CPU = Release|Any CPU
	EndGlobalSection
	GlobalSection(ProjectConfigurationPlatforms) = postSolution
		{DCB58C68-8F9C-04BC-1140-BE419F74E932}.Debug|Any CPU.ActiveCfg = Debug|Any CPU
		{DCB58C68-8F9C-04BC-1140-BE419F74E932}.Debug|Any CPU.Build.0 = Debug|Any CPU
		{DCB58C68-8F9C-04BC-1140-BE419F74E932}.Release|Any CPU.ActiveCfg = Release|Any CPU
		{DCB58C68-8F9C-04BC-1140-BE419F74E932}.Release|Any CPU.Build.0 = Release|Any CPU
	EndGlobalSection
	GlobalSection(SolutionProperties) = preSolution
		HideSolutionNode = FALSE
	EndGlobalSection
																				GlobalSection(MonoDevelopProperties) = preSolution
		StartupItem = Assembly-CSharp.csproj
		Policies = $0
		$0.TextStylePolicy = $1
		$1.inheritsSet = null
		$1.scope = text/x-csharp
		$0.CSharpFormattingPolicy = $2
		$2.inheritsSet = Mono
		$2.inheritsScope = text/x-csharp
		$2.scope = text/x-csharp
		$0.TextStylePolicy = $3
		$3.FileWidth = 120
		$3.TabWidth = 4
		$3.IndentWidth = 4
		$3.EolMarker = Unix
		$3.inheritsSet = Mono
		$3.inheritsScope = text/plain
		$3.scope = text/plain
	EndGlobalSection

EndGlobal
